
Microsoft Visual Studio Solution File, Format Version 12.00
# Visual Studio 15
VisualStudioVersion = 15.0.26124.0
MinimumVisualStudioVersion = 15.0.26124.0
Project("{2150E333-8FDC-42A3-9474-1A3956D46DE8}") = "Source", "Source", "{3125B585-3AEF-4560-8270-E3B0CFE60012}"
EndProject
Project("{FAE04EC0-301F-11D3-BF4B-00C04F79EFBC}") = "Domain", "Source\Domain\Domain.csproj", "{BC3ED6C6-636F-4450-AAA3-41767700E385}"
EndProject
Project("{FAE04EC0-301F-11D3-BF4B-00C04F79EFBC}") = "Read", "Source\Read\Read.csproj", "{247A6222-9123-4788-A683-797D6F547A13}"
EndProject
Project("{FAE04EC0-301F-11D3-BF4B-00C04F79EFBC}") = "Events", "Source\Events\Events.csproj", "{F45D7375-4DEB-4EB7-BB92-B92FF5723F15}"
EndProject
Project("{FAE04EC0-301F-11D3-BF4B-00C04F79EFBC}") = "Web", "Source\Web\Web.csproj", "{FB21E5F1-93BA-40F7-B74B-B7C0E4A35D5D}"
EndProject
Project("{FAE04EC0-301F-11D3-BF4B-00C04F79EFBC}") = "Infrastructure", "Source\Infrastructure\Infrastructure.csproj", "{08DD7A35-C839-4D0D-8ECA-C7BD530D5670}"
EndProject
Global
	GlobalSection(SolutionConfigurationPlatforms) = preSolution
		Debug|Any CPU = Debug|Any CPU
		Debug|x64 = Debug|x64
		Debug|x86 = Debug|x86
		Release|Any CPU = Release|Any CPU
		Release|x64 = Release|x64
		Release|x86 = Release|x86
	EndGlobalSection
	GlobalSection(SolutionProperties) = preSolution
		HideSolutionNode = FALSE
	EndGlobalSection
	GlobalSection(ProjectConfigurationPlatforms) = postSolution
		{BC3ED6C6-636F-4450-AAA3-41767700E385}.Debug|Any CPU.ActiveCfg = Debug|Any CPU
		{BC3ED6C6-636F-4450-AAA3-41767700E385}.Debug|Any CPU.Build.0 = Debug|Any CPU
		{BC3ED6C6-636F-4450-AAA3-41767700E385}.Debug|x64.ActiveCfg = Debug|Any CPU
		{BC3ED6C6-636F-4450-AAA3-41767700E385}.Debug|x64.Build.0 = Debug|Any CPU
		{BC3ED6C6-636F-4450-AAA3-41767700E385}.Debug|x86.ActiveCfg = Debug|Any CPU
		{BC3ED6C6-636F-4450-AAA3-41767700E385}.Debug|x86.Build.0 = Debug|Any CPU
		{BC3ED6C6-636F-4450-AAA3-41767700E385}.Release|Any CPU.ActiveCfg = Release|Any CPU
		{BC3ED6C6-636F-4450-AAA3-41767700E385}.Release|Any CPU.Build.0 = Release|Any CPU
		{BC3ED6C6-636F-4450-AAA3-41767700E385}.Release|x64.ActiveCfg = Release|Any CPU
		{BC3ED6C6-636F-4450-AAA3-41767700E385}.Release|x64.Build.0 = Release|Any CPU
		{BC3ED6C6-636F-4450-AAA3-41767700E385}.Release|x86.ActiveCfg = Release|Any CPU
		{BC3ED6C6-636F-4450-AAA3-41767700E385}.Release|x86.Build.0 = Release|Any CPU
		{247A6222-9123-4788-A683-797D6F547A13}.Debug|Any CPU.ActiveCfg = Debug|Any CPU
		{247A6222-9123-4788-A683-797D6F547A13}.Debug|Any CPU.Build.0 = Debug|Any CPU
		{247A6222-9123-4788-A683-797D6F547A13}.Debug|x64.ActiveCfg = Debug|Any CPU
		{247A6222-9123-4788-A683-797D6F547A13}.Debug|x64.Build.0 = Debug|Any CPU
		{247A6222-9123-4788-A683-797D6F547A13}.Debug|x86.ActiveCfg = Debug|Any CPU
		{247A6222-9123-4788-A683-797D6F547A13}.Debug|x86.Build.0 = Debug|Any CPU
		{247A6222-9123-4788-A683-797D6F547A13}.Release|Any CPU.ActiveCfg = Release|Any CPU
		{247A6222-9123-4788-A683-797D6F547A13}.Release|Any CPU.Build.0 = Release|Any CPU
		{247A6222-9123-4788-A683-797D6F547A13}.Release|x64.ActiveCfg = Release|Any CPU
		{247A6222-9123-4788-A683-797D6F547A13}.Release|x64.Build.0 = Release|Any CPU
		{247A6222-9123-4788-A683-797D6F547A13}.Release|x86.ActiveCfg = Release|Any CPU
		{247A6222-9123-4788-A683-797D6F547A13}.Release|x86.Build.0 = Release|Any CPU
		{F45D7375-4DEB-4EB7-BB92-B92FF5723F15}.Debug|Any CPU.ActiveCfg = Debug|Any CPU
		{F45D7375-4DEB-4EB7-BB92-B92FF5723F15}.Debug|Any CPU.Build.0 = Debug|Any CPU
		{F45D7375-4DEB-4EB7-BB92-B92FF5723F15}.Debug|x64.ActiveCfg = Debug|Any CPU
		{F45D7375-4DEB-4EB7-BB92-B92FF5723F15}.Debug|x64.Build.0 = Debug|Any CPU
		{F45D7375-4DEB-4EB7-BB92-B92FF5723F15}.Debug|x86.ActiveCfg = Debug|Any CPU
		{F45D7375-4DEB-4EB7-BB92-B92FF5723F15}.Debug|x86.Build.0 = Debug|Any CPU
		{F45D7375-4DEB-4EB7-BB92-B92FF5723F15}.Release|Any CPU.ActiveCfg = Release|Any CPU
		{F45D7375-4DEB-4EB7-BB92-B92FF5723F15}.Release|Any CPU.Build.0 = Release|Any CPU
		{F45D7375-4DEB-4EB7-BB92-B92FF5723F15}.Release|x64.ActiveCfg = Release|Any CPU
		{F45D7375-4DEB-4EB7-BB92-B92FF5723F15}.Release|x64.Build.0 = Release|Any CPU
		{F45D7375-4DEB-4EB7-BB92-B92FF5723F15}.Release|x86.ActiveCfg = Release|Any CPU
		{F45D7375-4DEB-4EB7-BB92-B92FF5723F15}.Release|x86.Build.0 = Release|Any CPU
		{FB21E5F1-93BA-40F7-B74B-B7C0E4A35D5D}.Debug|Any CPU.ActiveCfg = Debug|Any CPU
		{FB21E5F1-93BA-40F7-B74B-B7C0E4A35D5D}.Debug|Any CPU.Build.0 = Debug|Any CPU
		{FB21E5F1-93BA-40F7-B74B-B7C0E4A35D5D}.Debug|x64.ActiveCfg = Debug|Any CPU
		{FB21E5F1-93BA-40F7-B74B-B7C0E4A35D5D}.Debug|x64.Build.0 = Debug|Any CPU
		{FB21E5F1-93BA-40F7-B74B-B7C0E4A35D5D}.Debug|x86.ActiveCfg = Debug|Any CPU
		{FB21E5F1-93BA-40F7-B74B-B7C0E4A35D5D}.Debug|x86.Build.0 = Debug|Any CPU
		{FB21E5F1-93BA-40F7-B74B-B7C0E4A35D5D}.Release|Any CPU.ActiveCfg = Release|Any CPU
		{FB21E5F1-93BA-40F7-B74B-B7C0E4A35D5D}.Release|Any CPU.Build.0 = Release|Any CPU
		{FB21E5F1-93BA-40F7-B74B-B7C0E4A35D5D}.Release|x64.ActiveCfg = Release|Any CPU
		{FB21E5F1-93BA-40F7-B74B-B7C0E4A35D5D}.Release|x64.Build.0 = Release|Any CPU
		{FB21E5F1-93BA-40F7-B74B-B7C0E4A35D5D}.Release|x86.ActiveCfg = Release|Any CPU
		{FB21E5F1-93BA-40F7-B74B-B7C0E4A35D5D}.Release|x86.Build.0 = Release|Any CPU
		{08DD7A35-C839-4D0D-8ECA-C7BD530D5670}.Debug|Any CPU.ActiveCfg = Debug|Any CPU
		{08DD7A35-C839-4D0D-8ECA-C7BD530D5670}.Debug|Any CPU.Build.0 = Debug|Any CPU
		{08DD7A35-C839-4D0D-8ECA-C7BD530D5670}.Debug|x64.ActiveCfg = Debug|Any CPU
		{08DD7A35-C839-4D0D-8ECA-C7BD530D5670}.Debug|x64.Build.0 = Debug|Any CPU
		{08DD7A35-C839-4D0D-8ECA-C7BD530D5670}.Debug|x86.ActiveCfg = Debug|Any CPU
		{08DD7A35-C839-4D0D-8ECA-C7BD530D5670}.Debug|x86.Build.0 = Debug|Any CPU
		{08DD7A35-C839-4D0D-8ECA-C7BD530D5670}.Release|Any CPU.ActiveCfg = Release|Any CPU
		{08DD7A35-C839-4D0D-8ECA-C7BD530D5670}.Release|Any CPU.Build.0 = Release|Any CPU
		{08DD7A35-C839-4D0D-8ECA-C7BD530D5670}.Release|x64.ActiveCfg = Release|Any CPU
		{08DD7A35-C839-4D0D-8ECA-C7BD530D5670}.Release|x64.Build.0 = Release|Any CPU
		{08DD7A35-C839-4D0D-8ECA-C7BD530D5670}.Release|x86.ActiveCfg = Release|Any CPU
		{08DD7A35-C839-4D0D-8ECA-C7BD530D5670}.Release|x86.Build.0 = Release|Any CPU
	EndGlobalSection
	GlobalSection(NestedProjects) = preSolution
		{BC3ED6C6-636F-4450-AAA3-41767700E385} = {3125B585-3AEF-4560-8270-E3B0CFE60012}
		{247A6222-9123-4788-A683-797D6F547A13} = {3125B585-3AEF-4560-8270-E3B0CFE60012}
		{F45D7375-4DEB-4EB7-BB92-B92FF5723F15} = {3125B585-3AEF-4560-8270-E3B0CFE60012}
		{FB21E5F1-93BA-40F7-B74B-B7C0E4A35D5D} = {3125B585-3AEF-4560-8270-E3B0CFE60012}
		{08DD7A35-C839-4D0D-8ECA-C7BD530D5670} = {3125B585-3AEF-4560-8270-E3B0CFE60012}
	EndGlobalSection
EndGlobal
