
Microsoft Visual Studio Solution File, Format Version 12.00
# Visual Studio 15
VisualStudioVersion = 15.0.26124.0
MinimumVisualStudioVersion = 15.0.26124.0
Project("{FAE04EC0-301F-11D3-BF4B-00C04F79EFBC}") = "Concepts", "Concepts\Concepts.csproj", "{D07B8E22-62BA-4953-80B7-9169173481EC}"
EndProject
Project("{FAE04EC0-301F-11D3-BF4B-00C04F79EFBC}") = "Domain", "Domain\Domain.csproj", "{DE7CDA2D-3EF3-442D-A009-4EECFC9CAF01}"
EndProject
Project("{FAE04EC0-301F-11D3-BF4B-00C04F79EFBC}") = "Events", "Events\Events.csproj", "{D35AE3BB-D5FB-43BA-B390-1058C6EBCE05}"
EndProject
Project("{FAE04EC0-301F-11D3-BF4B-00C04F79EFBC}") = "Read", "Read\Read.csproj", "{D83B13A5-D18A-4050-8DB2-EAC177021465}"
EndProject
Project("{FAE04EC0-301F-11D3-BF4B-00C04F79EFBC}") = "Web", "Web\Web.csproj", "{AC632AD6-853D-4061-909A-CB8F73E66B4A}"
EndProject
Global
	GlobalSection(SolutionConfigurationPlatforms) = preSolution
		Debug|Any CPU = Debug|Any CPU
		Debug|x64 = Debug|x64
		Debug|x86 = Debug|x86
		Release|Any CPU = Release|Any CPU
		Release|x64 = Release|x64
		Release|x86 = Release|x86
	EndGlobalSection
	GlobalSection(SolutionProperties) = preSolution
		HideSolutionNode = FALSE
	EndGlobalSection
	GlobalSection(ProjectConfigurationPlatforms) = postSolution
		{D07B8E22-62BA-4953-80B7-9169173481EC}.Debug|Any CPU.ActiveCfg = Debug|Any CPU
		{D07B8E22-62BA-4953-80B7-9169173481EC}.Debug|Any CPU.Build.0 = Debug|Any CPU
		{D07B8E22-62BA-4953-80B7-9169173481EC}.Debug|x64.ActiveCfg = Debug|Any CPU
		{D07B8E22-62BA-4953-80B7-9169173481EC}.Debug|x64.Build.0 = Debug|Any CPU
		{D07B8E22-62BA-4953-80B7-9169173481EC}.Debug|x86.ActiveCfg = Debug|Any CPU
		{D07B8E22-62BA-4953-80B7-9169173481EC}.Debug|x86.Build.0 = Debug|Any CPU
		{D07B8E22-62BA-4953-80B7-9169173481EC}.Release|Any CPU.ActiveCfg = Release|Any CPU
		{D07B8E22-62BA-4953-80B7-9169173481EC}.Release|Any CPU.Build.0 = Release|Any CPU
		{D07B8E22-62BA-4953-80B7-9169173481EC}.Release|x64.ActiveCfg = Release|Any CPU
		{D07B8E22-62BA-4953-80B7-9169173481EC}.Release|x64.Build.0 = Release|Any CPU
		{D07B8E22-62BA-4953-80B7-9169173481EC}.Release|x86.ActiveCfg = Release|Any CPU
		{D07B8E22-62BA-4953-80B7-9169173481EC}.Release|x86.Build.0 = Release|Any CPU
		{DE7CDA2D-3EF3-442D-A009-4EECFC9CAF01}.Debug|Any CPU.ActiveCfg = Debug|Any CPU
		{DE7CDA2D-3EF3-442D-A009-4EECFC9CAF01}.Debug|Any CPU.Build.0 = Debug|Any CPU
		{DE7CDA2D-3EF3-442D-A009-4EECFC9CAF01}.Debug|x64.ActiveCfg = Debug|Any CPU
		{DE7CDA2D-3EF3-442D-A009-4EECFC9CAF01}.Debug|x64.Build.0 = Debug|Any CPU
		{DE7CDA2D-3EF3-442D-A009-4EECFC9CAF01}.Debug|x86.ActiveCfg = Debug|Any CPU
		{DE7CDA2D-3EF3-442D-A009-4EECFC9CAF01}.Debug|x86.Build.0 = Debug|Any CPU
		{DE7CDA2D-3EF3-442D-A009-4EECFC9CAF01}.Release|Any CPU.ActiveCfg = Release|Any CPU
		{DE7CDA2D-3EF3-442D-A009-4EECFC9CAF01}.Release|Any CPU.Build.0 = Release|Any CPU
		{DE7CDA2D-3EF3-442D-A009-4EECFC9CAF01}.Release|x64.ActiveCfg = Release|Any CPU
		{DE7CDA2D-3EF3-442D-A009-4EECFC9CAF01}.Release|x64.Build.0 = Release|Any CPU
		{DE7CDA2D-3EF3-442D-A009-4EECFC9CAF01}.Release|x86.ActiveCfg = Release|Any CPU
		{DE7CDA2D-3EF3-442D-A009-4EECFC9CAF01}.Release|x86.Build.0 = Release|Any CPU
		{D35AE3BB-D5FB-43BA-B390-1058C6EBCE05}.Debug|Any CPU.ActiveCfg = Debug|Any CPU
		{D35AE3BB-D5FB-43BA-B390-1058C6EBCE05}.Debug|Any CPU.Build.0 = Debug|Any CPU
		{D35AE3BB-D5FB-43BA-B390-1058C6EBCE05}.Debug|x64.ActiveCfg = Debug|Any CPU
		{D35AE3BB-D5FB-43BA-B390-1058C6EBCE05}.Debug|x64.Build.0 = Debug|Any CPU
		{D35AE3BB-D5FB-43BA-B390-1058C6EBCE05}.Debug|x86.ActiveCfg = Debug|Any CPU
		{D35AE3BB-D5FB-43BA-B390-1058C6EBCE05}.Debug|x86.Build.0 = Debug|Any CPU
		{D35AE3BB-D5FB-43BA-B390-1058C6EBCE05}.Release|Any CPU.ActiveCfg = Release|Any CPU
		{D35AE3BB-D5FB-43BA-B390-1058C6EBCE05}.Release|Any CPU.Build.0 = Release|Any CPU
		{D35AE3BB-D5FB-43BA-B390-1058C6EBCE05}.Release|x64.ActiveCfg = Release|Any CPU
		{D35AE3BB-D5FB-43BA-B390-1058C6EBCE05}.Release|x64.Build.0 = Release|Any CPU
		{D35AE3BB-D5FB-43BA-B390-1058C6EBCE05}.Release|x86.ActiveCfg = Release|Any CPU
		{D35AE3BB-D5FB-43BA-B390-1058C6EBCE05}.Release|x86.Build.0 = Release|Any CPU
		{D83B13A5-D18A-4050-8DB2-EAC177021465}.Debug|Any CPU.ActiveCfg = Debug|Any CPU
		{D83B13A5-D18A-4050-8DB2-EAC177021465}.Debug|Any CPU.Build.0 = Debug|Any CPU
		{D83B13A5-D18A-4050-8DB2-EAC177021465}.Debug|x64.ActiveCfg = Debug|Any CPU
		{D83B13A5-D18A-4050-8DB2-EAC177021465}.Debug|x64.Build.0 = Debug|Any CPU
		{D83B13A5-D18A-4050-8DB2-EAC177021465}.Debug|x86.ActiveCfg = Debug|Any CPU
		{D83B13A5-D18A-4050-8DB2-EAC177021465}.Debug|x86.Build.0 = Debug|Any CPU
		{D83B13A5-D18A-4050-8DB2-EAC177021465}.Release|Any CPU.ActiveCfg = Release|Any CPU
		{D83B13A5-D18A-4050-8DB2-EAC177021465}.Release|Any CPU.Build.0 = Release|Any CPU
		{D83B13A5-D18A-4050-8DB2-EAC177021465}.Release|x64.ActiveCfg = Release|Any CPU
		{D83B13A5-D18A-4050-8DB2-EAC177021465}.Release|x64.Build.0 = Release|Any CPU
		{D83B13A5-D18A-4050-8DB2-EAC177021465}.Release|x86.ActiveCfg = Release|Any CPU
		{D83B13A5-D18A-4050-8DB2-EAC177021465}.Release|x86.Build.0 = Release|Any CPU
		{AC632AD6-853D-4061-909A-CB8F73E66B4A}.Debug|Any CPU.ActiveCfg = Debug|Any CPU
		{AC632AD6-853D-4061-909A-CB8F73E66B4A}.Debug|Any CPU.Build.0 = Debug|Any CPU
		{AC632AD6-853D-4061-909A-CB8F73E66B4A}.Debug|x64.ActiveCfg = Debug|Any CPU
		{AC632AD6-853D-4061-909A-CB8F73E66B4A}.Debug|x64.Build.0 = Debug|Any CPU
		{AC632AD6-853D-4061-909A-CB8F73E66B4A}.Debug|x86.ActiveCfg = Debug|Any CPU
		{AC632AD6-853D-4061-909A-CB8F73E66B4A}.Debug|x86.Build.0 = Debug|Any CPU
		{AC632AD6-853D-4061-909A-CB8F73E66B4A}.Release|Any CPU.ActiveCfg = Release|Any CPU
		{AC632AD6-853D-4061-909A-CB8F73E66B4A}.Release|Any CPU.Build.0 = Release|Any CPU
		{AC632AD6-853D-4061-909A-CB8F73E66B4A}.Release|x64.ActiveCfg = Release|Any CPU
		{AC632AD6-853D-4061-909A-CB8F73E66B4A}.Release|x64.Build.0 = Release|Any CPU
		{AC632AD6-853D-4061-909A-CB8F73E66B4A}.Release|x86.ActiveCfg = Release|Any CPU
		{AC632AD6-853D-4061-909A-CB8F73E66B4A}.Release|x86.Build.0 = Release|Any CPU
	EndGlobalSection
EndGlobal
